
Microsoft Visual Studio Solution File, Format Version 12.00
# Visual Studio Version 17
VisualStudioVersion = 17.2.32526.322
MinimumVisualStudioVersion = 10.0.40219.1
Project("{9A19103F-16F7-4668-BE54-9A1E7A4F7556}") = "WebApplication1", "WebApplication1.csproj", "{79E1900F-D746-4D6D-B43B-326ED156298F}"
EndProject
Global
	GlobalSection(SolutionConfigurationPlatforms) = preSolution
		Debug|Any CPU = Debug|Any CPU
		Release|Any CPU = Release|Any CPU
	EndGlobalSection
	GlobalSection(ProjectConfigurationPlatforms) = postSolution
		{79E1900F-D746-4D6D-B43B-326ED156298F}.Debug|Any CPU.ActiveCfg = Debug|Any CPU
		{79E1900F-D746-4D6D-B43B-326ED156298F}.Debug|Any CPU.Build.0 = Debug|Any CPU
		{79E1900F-D746-4D6D-B43B-326ED156298F}.Release|Any CPU.ActiveCfg = Release|Any CPU
		{79E1900F-D746-4D6D-B43B-326ED156298F}.Release|Any CPU.Build.0 = Release|Any CPU
	EndGlobalSection
	GlobalSection(SolutionProperties) = preSolution
		HideSolutionNode = FALSE
	EndGlobalSection
	GlobalSection(ExtensibilityGlobals) = postSolution
		SolutionGuid = {EFCF664C-C312-4B0F-A505-1B1B7F49182B}
	EndGlobalSection
EndGlobal
